// !$*UTF8*$!
{
	archiveVersion = 1;
	classes = {
	};
	objectVersion = 50;
	objects = {

/* Begin PBXBuildFile section */
		D22C1A2323FDB12100A98FBA /* AppDelegate.swift in Sources */ = {isa = PBXBuildFile; fileRef = D22C1A2223FDB12100A98FBA /* AppDelegate.swift */; };
		D22C1A2523FDB12100A98FBA /* SceneDelegate.swift in Sources */ = {isa = PBXBuildFile; fileRef = D22C1A2423FDB12100A98FBA /* SceneDelegate.swift */; };
		D22C1A2723FDB12100A98FBA /* ViewController.swift in Sources */ = {isa = PBXBuildFile; fileRef = D22C1A2623FDB12100A98FBA /* ViewController.swift */; };
		D22C1A2A23FDB12100A98FBA /* Main.storyboard in Resources */ = {isa = PBXBuildFile; fileRef = D22C1A2823FDB12100A98FBA /* Main.storyboard */; };
		D22C1A2C23FDB12300A98FBA /* Assets.xcassets in Resources */ = {isa = PBXBuildFile; fileRef = D22C1A2B23FDB12300A98FBA /* Assets.xcassets */; };
		D22C1A2F23FDB12300A98FBA /* LaunchScreen.storyboard in Resources */ = {isa = PBXBuildFile; fileRef = D22C1A2D23FDB12300A98FBA /* LaunchScreen.storyboard */; };
		D22C1A3723FDE1E000A98FBA /* AboutViewController.swift in Sources */ = {isa = PBXBuildFile; fileRef = D22C1A3623FDE1E000A98FBA /* AboutViewController.swift */; };
		D22C1A3923FDE53100A98FBA /* AboutAuthorViewController.swift in Sources */ = {isa = PBXBuildFile; fileRef = D22C1A3823FDE53100A98FBA /* AboutAuthorViewController.swift */; };
/* End PBXBuildFile section */

/* Begin PBXFileReference section */
		D22C1A1F23FDB12100A98FBA /* Bullseye2.app */ = {isa = PBXFileReference; explicitFileType = wrapper.application; includeInIndex = 0; path = Bullseye2.app; sourceTree = BUILT_PRODUCTS_DIR; };
		D22C1A2223FDB12100A98FBA /* AppDelegate.swift */ = {isa = PBXFileReference; lastKnownFileType = sourcecode.swift; path = AppDelegate.swift; sourceTree = "<group>"; };
		D22C1A2423FDB12100A98FBA /* SceneDelegate.swift */ = {isa = PBXFileReference; lastKnownFileType = sourcecode.swift; path = SceneDelegate.swift; sourceTree = "<group>"; };
		D22C1A2623FDB12100A98FBA /* ViewController.swift */ = {isa = PBXFileReference; lastKnownFileType = sourcecode.swift; path = ViewController.swift; sourceTree = "<group>"; xcLanguageSpecificationIdentifier = xcode.lang.swift; };
		D22C1A2923FDB12100A98FBA /* Base */ = {isa = PBXFileReference; lastKnownFileType = file.storyboard; name = Base; path = Base.lproj/Main.storyboard; sourceTree = "<group>"; };
		D22C1A2B23FDB12300A98FBA /* Assets.xcassets */ = {isa = PBXFileReference; lastKnownFileType = folder.assetcatalog; path = Assets.xcassets; sourceTree = "<group>"; };
		D22C1A2E23FDB12300A98FBA /* Base */ = {isa = PBXFileReference; lastKnownFileType = file.storyboard; name = Base; path = Base.lproj/LaunchScreen.storyboard; sourceTree = "<group>"; };
		D22C1A3023FDB12300A98FBA /* Info.plist */ = {isa = PBXFileReference; lastKnownFileType = text.plist.xml; path = Info.plist; sourceTree = "<group>"; };
		D22C1A3623FDE1E000A98FBA /* AboutViewController.swift */ = {isa = PBXFileReference; lastKnownFileType = sourcecode.swift; path = AboutViewController.swift; sourceTree = "<group>"; };
		D22C1A3823FDE53100A98FBA /* AboutAuthorViewController.swift */ = {isa = PBXFileReference; lastKnownFileType = sourcecode.swift; path = AboutAuthorViewController.swift; sourceTree = "<group>"; };
/* End PBXFileReference section */

/* Begin PBXFrameworksBuildPhase section */
		D22C1A1C23FDB12100A98FBA /* Frameworks */ = {
			isa = PBXFrameworksBuildPhase;
			buildActionMask = 2147483647;
			files = (
			);
			runOnlyForDeploymentPostprocessing = 0;
		};
/* End PBXFrameworksBuildPhase section */

/* Begin PBXGroup section */
		D22C1A1623FDB12100A98FBA = {
			isa = PBXGroup;
			children = (
				D22C1A2123FDB12100A98FBA /* Bullseye2 */,
				D22C1A2023FDB12100A98FBA /* Products */,
			);
			sourceTree = "<group>";
		};
		D22C1A2023FDB12100A98FBA /* Products */ = {
			isa = PBXGroup;
			children = (
				D22C1A1F23FDB12100A98FBA /* Bullseye2.app */,
			);
			name = Products;
			sourceTree = "<group>";
		};
		D22C1A2123FDB12100A98FBA /* Bullseye2 */ = {
			isa = PBXGroup;
			children = (
				D22C1A2223FDB12100A98FBA /* AppDelegate.swift */,
				D22C1A2423FDB12100A98FBA /* SceneDelegate.swift */,
				D22C1A3823FDE53100A98FBA /* AboutAuthorViewController.swift */,
				D22C1A3623FDE1E000A98FBA /* AboutViewController.swift */,
				D22C1A2623FDB12100A98FBA /* ViewController.swift */,
				D22C1A2823FDB12100A98FBA /* Main.storyboard */,
				D22C1A2B23FDB12300A98FBA /* Assets.xcassets */,
				D22C1A2D23FDB12300A98FBA /* LaunchScreen.storyboard */,
				D22C1A3023FDB12300A98FBA /* Info.plist */,
			);
			path = Bullseye2;
			sourceTree = "<group>";
		};
/* End PBXGroup section */

/* Begin PBXNativeTarget section */
		D22C1A1E23FDB12100A98FBA /* Bullseye2 */ = {
			isa = PBXNativeTarget;
			buildConfigurationList = D22C1A3323FDB12300A98FBA /* Build configuration list for PBXNativeTarget "Bullseye2" */;
			buildPhases = (
				D22C1A1B23FDB12100A98FBA /* Sources */,
				D22C1A1C23FDB12100A98FBA /* Frameworks */,
				D22C1A1D23FDB12100A98FBA /* Resources */,
			);
			buildRules = (
			);
			dependencies = (
			);
			name = Bullseye2;
			productName = Bullseye2;
			productReference = D22C1A1F23FDB12100A98FBA /* Bullseye2.app */;
			productType = "com.apple.product-type.application";
		};
/* End PBXNativeTarget section */

/* Begin PBXProject section */
		D22C1A1723FDB12100A98FBA /* Project object */ = {
			isa = PBXProject;
			attributes = {
				LastSwiftUpdateCheck = 1130;
				LastUpgradeCheck = 1130;
				ORGANIZATIONNAME = "Scott Feier";
				TargetAttributes = {
					D22C1A1E23FDB12100A98FBA = {
						CreatedOnToolsVersion = 11.3.1;
					};
				};
			};
			buildConfigurationList = D22C1A1A23FDB12100A98FBA /* Build configuration list for PBXProject "Bullseye2" */;
			compatibilityVersion = "Xcode 9.3";
			developmentRegion = en;
			hasScannedForEncodings = 0;
			knownRegions = (
				en,
				Base,
			);
			mainGroup = D22C1A1623FDB12100A98FBA;
			productRefGroup = D22C1A2023FDB12100A98FBA /* Products */;
			projectDirPath = "";
			projectRoot = "";
			targets = (
				D22C1A1E23FDB12100A98FBA /* Bullseye2 */,
			);
		};
/* End PBXProject section */

/* Begin PBXResourcesBuildPhase section */
		D22C1A1D23FDB12100A98FBA /* Resources */ = {
			isa = PBXResourcesBuildPhase;
			buildActionMask = 2147483647;
			files = (
				D22C1A2F23FDB12300A98FBA /* LaunchScreen.storyboard in Resources */,
				D22C1A2C23FDB12300A98FBA /* Assets.xcassets in Resources */,
				D22C1A2A23FDB12100A98FBA /* Main.storyboard in Resources */,
			);
			runOnlyForDeploymentPostprocessing = 0;
		};
/* End PBXResourcesBuildPhase section */

/* Begin PBXSourcesBuildPhase section */
		D22C1A1B23FDB12100A98FBA /* Sources */ = {
			isa = PBXSourcesBuildPhase;
			buildActionMask = 2147483647;
			files = (
				D22C1A2723FDB12100A98FBA /* ViewController.swift in Sources */,
				D22C1A2323FDB12100A98FBA /* AppDelegate.swift in Sources */,
				D22C1A3723FDE1E000A98FBA /* AboutViewController.swift in Sources */,
				D22C1A2523FDB12100A98FBA /* SceneDelegate.swift in Sources */,
				D22C1A3923FDE53100A98FBA /* AboutAuthorViewController.swift in Sources */,
			);
			runOnlyForDeploymentPostprocessing = 0;
		};
/* End PBXSourcesBuildPhase section */

/* Begin PBXVariantGroup section */
		D22C1A2823FDB12100A98FBA /* Main.storyboard */ = {
			isa = PBXVariantGroup;
			children = (
				D22C1A2923FDB12100A98FBA /* Base */,
			);
			name = Main.storyboard;
			sourceTree = "<group>";
		};
		D22C1A2D23FDB12300A98FBA /* LaunchScreen.storyboard */ = {
			isa = PBXVariantGroup;
			children = (
				D22C1A2E23FDB12300A98FBA /* Base */,
			);
			name = LaunchScreen.storyboard;
			sourceTree = "<group>";
		};
/* End PBXVariantGroup section */

/* Begin XCBuildConfiguration section */
		D22C1A3123FDB12300A98FBA /* Debug */ = {
			isa = XCBuildConfiguration;
			buildSettings = {
				ALWAYS_SEARCH_USER_PATHS = NO;
				CLANG_ANALYZER_NONNULL = YES;
				CLANG_ANALYZER_NUMBER_OBJECT_CONVERSION = YES_AGGRESSIVE;
				CLANG_CXX_LANGUAGE_STANDARD = "gnu++14";
				CLANG_CXX_LIBRARY = "libc++";
				CLANG_ENABLE_MODULES = YES;
				CLANG_ENABLE_OBJC_ARC = YES;
				CLANG_ENABLE_OBJC_WEAK = YES;
				CLANG_WARN_BLOCK_CAPTURE_AUTORELEASING = YES;
				CLANG_WARN_BOOL_CONVERSION = YES;
				CLANG_WARN_COMMA = YES;
				CLANG_WARN_CONSTANT_CONVERSION = YES;
				CLANG_WARN_DEPRECATED_OBJC_IMPLEMENTATIONS = YES;
				CLANG_WARN_DIRECT_OBJC_ISA_USAGE = YES_ERROR;
				CLANG_WARN_DOCUMENTATION_COMMENTS = YES;
				CLANG_WARN_EMPTY_BODY = YES;
				CLANG_WARN_ENUM_CONVERSION = YES;
				CLANG_WARN_INFINITE_RECURSION = YES;
				CLANG_WARN_INT_CONVERSION = YES;
				CLANG_WARN_NON_LITERAL_NULL_CONVERSION = YES;
				CLANG_WARN_OBJC_IMPLICIT_RETAIN_SELF = YES;
				CLANG_WARN_OBJC_LITERAL_CONVERSION = YES;
				CLANG_WARN_OBJC_ROOT_CLASS = YES_ERROR;
				CLANG_WARN_RANGE_LOOP_ANALYSIS = YES;
				CLANG_WARN_STRICT_PROTOTYPES = YES;
				CLANG_WARN_SUSPICIOUS_MOVE = YES;
				CLANG_WARN_UNGUARDED_AVAILABILITY = YES_AGGRESSIVE;
				CLANG_WARN_UNREACHABLE_CODE = YES;
				CLANG_WARN__DUPLICATE_METHOD_MATCH = YES;
				COPY_PHASE_STRIP = NO;
				DEBUG_INFORMATION_FORMAT = dwarf;
				ENABLE_STRICT_OBJC_MSGSEND = YES;
				ENABLE_TESTABILITY = YES;
				GCC_C_LANGUAGE_STANDARD = gnu11;
				GCC_DYNAMIC_NO_PIC = NO;
				GCC_NO_COMMON_BLOCKS = YES;
				GCC_OPTIMIZATION_LEVEL = 0;
				GCC_PREPROCESSOR_DEFINITIONS = (
					"DEBUG=1",
					"$(inherited)",
				);
				GCC_WARN_64_TO_32_BIT_CONVERSION = YES;
				GCC_WARN_ABOUT_RETURN_TYPE = YES_ERROR;
				GCC_WARN_UNDECLARED_SELECTOR = YES;
				GCC_WARN_UNINITIALIZED_AUTOS = YES_AGGRESSIVE;
				GCC_WARN_UNUSED_FUNCTION = YES;
				GCC_WARN_UNUSED_VARIABLE = YES;
				IPHONEOS_DEPLOYMENT_TARGET = 13.2;
				MTL_ENABLE_DEBUG_INFO = INCLUDE_SOURCE;
				MTL_FAST_MATH = YES;
				ONLY_ACTIVE_ARCH = YES;
				SDKROOT = iphoneos;
				SWIFT_ACTIVE_COMPILATION_CONDITIONS = DEBUG;
				SWIFT_OPTIMIZATION_LEVEL = "-Onone";
			};
			name = Debug;
		};
		D22C1A3223FDB12300A98FBA /* Release */ = {
			isa = XCBuildConfiguration;
			buildSettings = {
				ALWAYS_SEARCH_USER_PATHS = NO;
				CLANG_ANALYZER_NONNULL = YES;
				CLANG_ANALYZER_NUMBER_OBJECT_CONVERSION = YES_AGGRESSIVE;
				CLANG_CXX_LANGUAGE_STANDARD = "gnu++14";
				CLANG_CXX_LIBRARY = "libc++";
				CLANG_ENABLE_MODULES = YES;
				CLANG_ENABLE_OBJC_ARC = YES;
				CLANG_ENABLE_OBJC_WEAK = YES;
				CLANG_WARN_BLOCK_CAPTURE_AUTORELEASING = YES;
				CLANG_WARN_BOOL_CONVERSION = YES;
				CLANG_WARN_COMMA = YES;
				CLANG_WARN_CONSTANT_CONVERSION = YES;
				CLANG_WARN_DEPRECATED_OBJC_IMPLEMENTATIONS = YES;
				CLANG_WARN_DIRECT_OBJC_ISA_USAGE = YES_ERROR;
				CLANG_WARN_DOCUMENTATION_COMMENTS = YES;
				CLANG_WARN_EMPTY_BODY = YES;
				CLANG_WARN_ENUM_CONVERSION = YES;
				CLANG_WARN_INFINITE_RECURSION = YES;
				CLANG_WARN_INT_CONVERSION = YES;
				CLANG_WARN_NON_LITERAL_NULL_CONVERSION = YES;
				CLANG_WARN_OBJC_IMPLICIT_RETAIN_SELF = YES;
				CLANG_WARN_OBJC_LITERAL_CONVERSION = YES;
				CLANG_WARN_OBJC_ROOT_CLASS = YES_ERROR;
				CLANG_WARN_RANGE_LOOP_ANALYSIS = YES;
				CLANG_WARN_STRICT_PROTOTYPES = YES;
				CLANG_WARN_SUSPICIOUS_MOVE = YES;
				CLANG_WARN_UNGUARDED_AVAILABILITY = YES_AGGRESSIVE;
				CLANG_WARN_UNREACHABLE_CODE = YES;
				CLANG_WARN__DUPLICATE_METHOD_MATCH = YES;
				COPY_PHASE_STRIP = NO;
				DEBUG_INFORMATION_FORMAT = "dwarf-with-dsym";
				ENABLE_NS_ASSERTIONS = NO;
				ENABLE_STRICT_OBJC_MSGSEND = YES;
				GCC_C_LANGUAGE_STANDARD = gnu11;
				GCC_NO_COMMON_BLOCKS = YES;
				GCC_WARN_64_TO_32_BIT_CONVERSION = YES;
				GCC_WARN_ABOUT_RETURN_TYPE = YES_ERROR;
				GCC_WARN_UNDECLARED_SELECTOR = YES;
				GCC_WARN_UNINITIALIZED_AUTOS = YES_AGGRESSIVE;
				GCC_WARN_UNUSED_FUNCTION = YES;
				GCC_WARN_UNUSED_VARIABLE = YES;
				IPHONEOS_DEPLOYMENT_TARGET = 13.2;
				MTL_ENABLE_DEBUG_INFO = NO;
				MTL_FAST_MATH = YES;
				SDKROOT = iphoneos;
				SWIFT_COMPILATION_MODE = wholemodule;
				SWIFT_OPTIMIZATION_LEVEL = "-O";
				VALIDATE_PRODUCT = YES;
			};
			name = Release;
		};
		D22C1A3423FDB12300A98FBA /* Debug */ = {
			isa = XCBuildConfiguration;
			buildSettings = {
				ASSETCATALOG_COMPILER_APPICON_NAME = AppIcon;
				CODE_SIGN_STYLE = Automatic;
				DEVELOPMENT_TEAM = 4W59F88G8K;
				INFOPLIST_FILE = Bullseye2/Info.plist;
				LD_RUNPATH_SEARCH_PATHS = (
					"$(inherited)",
					"@executable_path/Frameworks",
				);
				PRODUCT_BUNDLE_IDENTIFIER = com.aqueum.Bullseye2;
				PRODUCT_NAME = "$(TARGET_NAME)";
				SWIFT_VERSION = 5.0;
				TARGETED_DEVICE_FAMILY = "1,2";
			};
			name = Debug;
		};
		D22C1A3523FDB12300A98FBA /* Release */ = {
			isa = XCBuildConfiguration;
			buildSettings = {
				ASSETCATALOG_COMPILER_APPICON_NAME = AppIcon;
				CODE_SIGN_STYLE = Automatic;
				DEVELOPMENT_TEAM = 4W59F88G8K;
				INFOPLIST_FILE = Bullseye2/Info.plist;
				LD_RUNPATH_SEARCH_PATHS = (
					"$(inherited)",
					"@executable_path/Frameworks",
				);
				PRODUCT_BUNDLE_IDENTIFIER = com.aqueum.Bullseye2;
				PRODUCT_NAME = "$(TARGET_NAME)";
				SWIFT_VERSION = 5.0;
				TARGETED_DEVICE_FAMILY = "1,2";
			};
			name = Release;
		};
/* End XCBuildConfiguration section */

/* Begin XCConfigurationList section */
		D22C1A1A23FDB12100A98FBA /* Build configuration list for PBXProject "Bullseye2" */ = {
			isa = XCConfigurationList;
			buildConfigurations = (
				D22C1A3123FDB12300A98FBA /* Debug */,
				D22C1A3223FDB12300A98FBA /* Release */,
			);
			defaultConfigurationIsVisible = 0;
			defaultConfigurationName = Release;
		};
		D22C1A3323FDB12300A98FBA /* Build configuration list for PBXNativeTarget "Bullseye2" */ = {
			isa = XCConfigurationList;
			buildConfigurations = (
				D22C1A3423FDB12300A98FBA /* Debug */,
				D22C1A3523FDB12300A98FBA /* Release */,
			);
			defaultConfigurationIsVisible = 0;
			defaultConfigurationName = Release;
		};
/* End XCConfigurationList section */
	};
	rootObject = D22C1A1723FDB12100A98FBA /* Project object */;
}
